
Microsoft Visual Studio Solution File, Format Version 12.00
# Visual Studio Version 17
VisualStudioVersion = 17.10.34916.146
MinimumVisualStudioVersion = 10.0.40219.1
Project("{FAE04EC0-301F-11D3-BF4B-00C04F79EFBC}") = "MediaProgressPresentationLayer", "MediaProgressPresentationLayer.csproj", "{82A0DD85-5525-419A-B8C3-ECE3F788E324}"
EndProject
Project("{FAE04EC0-301F-11D3-BF4B-00C04F79EFBC}") = "MediaProgressBusinessLayer", "MediaProgressBusinessLayer\MediaProgressBusinessLayer.csproj", "{B324CA2F-DB19-4F4D-A649-9E020102CF61}"
EndProject
Project("{FAE04EC0-301F-11D3-BF4B-00C04F79EFBC}") = "MediaProgressDataAccessLayer", "MediaProgressDataAccessLayer\MediaProgressDataAccessLayer.csproj", "{0CE04B10-7265-4BEE-904A-633C0E59B642}"
EndProject
Global
	GlobalSection(SolutionConfigurationPlatforms) = preSolution
		Debug|Any CPU = Debug|Any CPU
		Release|Any CPU = Release|Any CPU
	EndGlobalSection
	GlobalSection(ProjectConfigurationPlatforms) = postSolution
		{82A0DD85-5525-419A-B8C3-ECE3F788E324}.Debug|Any CPU.ActiveCfg = Debug|Any CPU
		{82A0DD85-5525-419A-B8C3-ECE3F788E324}.Debug|Any CPU.Build.0 = Debug|Any CPU
		{82A0DD85-5525-419A-B8C3-ECE3F788E324}.Release|Any CPU.ActiveCfg = Release|Any CPU
		{82A0DD85-5525-419A-B8C3-ECE3F788E324}.Release|Any CPU.Build.0 = Release|Any CPU
		{B324CA2F-DB19-4F4D-A649-9E020102CF61}.Debug|Any CPU.ActiveCfg = Debug|Any CPU
		{B324CA2F-DB19-4F4D-A649-9E020102CF61}.Debug|Any CPU.Build.0 = Debug|Any CPU
		{B324CA2F-DB19-4F4D-A649-9E020102CF61}.Release|Any CPU.ActiveCfg = Release|Any CPU
		{B324CA2F-DB19-4F4D-A649-9E020102CF61}.Release|Any CPU.Build.0 = Release|Any CPU
		{0CE04B10-7265-4BEE-904A-633C0E59B642}.Debug|Any CPU.ActiveCfg = Debug|Any CPU
		{0CE04B10-7265-4BEE-904A-633C0E59B642}.Debug|Any CPU.Build.0 = Debug|Any CPU
		{0CE04B10-7265-4BEE-904A-633C0E59B642}.Release|Any CPU.ActiveCfg = Release|Any CPU
		{0CE04B10-7265-4BEE-904A-633C0E59B642}.Release|Any CPU.Build.0 = Release|Any CPU
	EndGlobalSection
	GlobalSection(SolutionProperties) = preSolution
		HideSolutionNode = FALSE
	EndGlobalSection
	GlobalSection(ExtensibilityGlobals) = postSolution
		SolutionGuid = {1375D476-8526-48B1-A527-8BF0CA20820D}
	EndGlobalSection
EndGlobal
